
Microsoft Visual Studio Solution File, Format Version 12.00
# Visual Studio Version 17
VisualStudioVersion = 17.11.35222.181
MinimumVisualStudioVersion = 10.0.40219.1
Project("{2150E333-8FDC-42A3-9474-1A3956D46DE8}") = "Services", "Services", "{48CE90D1-74E7-44A4-BDA3-AB0DF22FFBC5}"
EndProject
Project("{2150E333-8FDC-42A3-9474-1A3956D46DE8}") = "Catalog", "Catalog", "{E40C8245-47A9-401F-9B8A-5FD00DEAD479}"
EndProject
Project("{FAE04EC0-301F-11D3-BF4B-00C04F79EFBC}") = "Catalog.API", "Services\Catalog\Catalog.API\Catalog.API.csproj", "{3A23CB40-0481-46E4-9845-CC37E31FC517}"
EndProject
Project("{FAE04EC0-301F-11D3-BF4B-00C04F79EFBC}") = "Catalog.Core", "Services\Catalog\Catalog.Core\Catalog.Core.csproj", "{D2DA7DD4-2874-401F-864F-84FA94BF1482}"
EndProject
Project("{FAE04EC0-301F-11D3-BF4B-00C04F79EFBC}") = "Catalog.Infrastructure", "Services\Catalog\Catalog.Infrastructure\Catalog.Infrastructure.csproj", "{F4E7F144-CFD2-4724-92C3-C78E00E830BF}"
EndProject
Project("{FAE04EC0-301F-11D3-BF4B-00C04F79EFBC}") = "Catalog.Application", "Services\Catalog\Catalog.Application\Catalog.Application.csproj", "{543B49E5-C438-4699-93ED-FD5BECD36E47}"
EndProject
Global
	GlobalSection(SolutionConfigurationPlatforms) = preSolution
		Debug|Any CPU = Debug|Any CPU
		Release|Any CPU = Release|Any CPU
	EndGlobalSection
	GlobalSection(ProjectConfigurationPlatforms) = postSolution
		{3A23CB40-0481-46E4-9845-CC37E31FC517}.Debug|Any CPU.ActiveCfg = Debug|Any CPU
		{3A23CB40-0481-46E4-9845-CC37E31FC517}.Debug|Any CPU.Build.0 = Debug|Any CPU
		{3A23CB40-0481-46E4-9845-CC37E31FC517}.Release|Any CPU.ActiveCfg = Release|Any CPU
		{3A23CB40-0481-46E4-9845-CC37E31FC517}.Release|Any CPU.Build.0 = Release|Any CPU
		{D2DA7DD4-2874-401F-864F-84FA94BF1482}.Debug|Any CPU.ActiveCfg = Debug|Any CPU
		{D2DA7DD4-2874-401F-864F-84FA94BF1482}.Debug|Any CPU.Build.0 = Debug|Any CPU
		{D2DA7DD4-2874-401F-864F-84FA94BF1482}.Release|Any CPU.ActiveCfg = Release|Any CPU
		{D2DA7DD4-2874-401F-864F-84FA94BF1482}.Release|Any CPU.Build.0 = Release|Any CPU
		{F4E7F144-CFD2-4724-92C3-C78E00E830BF}.Debug|Any CPU.ActiveCfg = Debug|Any CPU
		{F4E7F144-CFD2-4724-92C3-C78E00E830BF}.Debug|Any CPU.Build.0 = Debug|Any CPU
		{F4E7F144-CFD2-4724-92C3-C78E00E830BF}.Release|Any CPU.ActiveCfg = Release|Any CPU
		{F4E7F144-CFD2-4724-92C3-C78E00E830BF}.Release|Any CPU.Build.0 = Release|Any CPU
		{543B49E5-C438-4699-93ED-FD5BECD36E47}.Debug|Any CPU.ActiveCfg = Debug|Any CPU
		{543B49E5-C438-4699-93ED-FD5BECD36E47}.Debug|Any CPU.Build.0 = Debug|Any CPU
		{543B49E5-C438-4699-93ED-FD5BECD36E47}.Release|Any CPU.ActiveCfg = Release|Any CPU
		{543B49E5-C438-4699-93ED-FD5BECD36E47}.Release|Any CPU.Build.0 = Release|Any CPU
	EndGlobalSection
	GlobalSection(SolutionProperties) = preSolution
		HideSolutionNode = FALSE
	EndGlobalSection
	GlobalSection(NestedProjects) = preSolution
		{E40C8245-47A9-401F-9B8A-5FD00DEAD479} = {48CE90D1-74E7-44A4-BDA3-AB0DF22FFBC5}
		{3A23CB40-0481-46E4-9845-CC37E31FC517} = {E40C8245-47A9-401F-9B8A-5FD00DEAD479}
		{D2DA7DD4-2874-401F-864F-84FA94BF1482} = {E40C8245-47A9-401F-9B8A-5FD00DEAD479}
		{F4E7F144-CFD2-4724-92C3-C78E00E830BF} = {E40C8245-47A9-401F-9B8A-5FD00DEAD479}
		{543B49E5-C438-4699-93ED-FD5BECD36E47} = {E40C8245-47A9-401F-9B8A-5FD00DEAD479}
	EndGlobalSection
	GlobalSection(ExtensibilityGlobals) = postSolution
		SolutionGuid = {77BE7A32-6140-4D43-86F6-1C1D0AC4FD2F}
	EndGlobalSection
EndGlobal
